# THIS IS AN AUTOGENERATED FILE. DO NOT EDIT THIS FILE DIRECTLY.
# yarn lockfile v1


fpx@^0.7:
  version "0.7.3"
  resolved "https://registry.yarnpkg.com/fpx/-/fpx-0.7.3.tgz#36d96be104842946403955c992c38b2a983f72db"
  integrity sha512-n6rkf+MwLHtRlU0TFxOPOHJh6hlHSWO61DHsAZE1S0USHy6yGvB23AoxAZMNTuP6tubqS63H/ukN2WImkWzOuA==

jssha@^3.1.0:
  version "3.1.0"
  resolved "https://registry.yarnpkg.com/jssha/-/jssha-3.1.0.tgz#bc9d11cefeea5cdaf931cee12cc5771b31d80252"
  integrity sha512-tPCmr8xSLd8ug6N51k0rbF1tAQWZz1i/uCVHpCH9dl+Te+wM/T375R3lTexP3bk1HPmQ+NlJHQPYLmYuyk6slA==

xhttp@^0.12.0:
  version "0.12.0"
  resolved "https://registry.yarnpkg.com/xhttp/-/xhttp-0.12.0.tgz#45e5ec75104d1dff2b79a47b1634be31bade4f7c"
  integrity sha512-EF9S4PTT+oTop0OVe5r6OExujgcRWKm4P84/P4oVNuqeplVwg96BoB1RllpVWZI5s49yj8YgmTjyjij4ULF9Lg==
  dependencies:
    fpx "^0.7"
